
Microsoft Visual Studio Solution File, Format Version 12.00
# Visual Studio Version 17
VisualStudioVersion = 17.11.35208.52
MinimumVisualStudioVersion = 10.0.40219.1
Project("{FAE04EC0-301F-11D3-BF4B-00C04F79EFBC}") = "Масиви(багатовимірні)2", "Масиви(багатовимірні)2.csproj", "{39FA964A-4772-47C7-AC46-51C31C033DC0}"
EndProject
Global
	GlobalSection(SolutionConfigurationPlatforms) = preSolution
		Debug|Any CPU = Debug|Any CPU
		Release|Any CPU = Release|Any CPU
	EndGlobalSection
	GlobalSection(ProjectConfigurationPlatforms) = postSolution
		{39FA964A-4772-47C7-AC46-51C31C033DC0}.Debug|Any CPU.ActiveCfg = Debug|Any CPU
		{39FA964A-4772-47C7-AC46-51C31C033DC0}.Debug|Any CPU.Build.0 = Debug|Any CPU
		{39FA964A-4772-47C7-AC46-51C31C033DC0}.Release|Any CPU.ActiveCfg = Release|Any CPU
		{39FA964A-4772-47C7-AC46-51C31C033DC0}.Release|Any CPU.Build.0 = Release|Any CPU
	EndGlobalSection
	GlobalSection(SolutionProperties) = preSolution
		HideSolutionNode = FALSE
	EndGlobalSection
	GlobalSection(ExtensibilityGlobals) = postSolution
		SolutionGuid = {47B56444-F317-44C6-A7FF-75EC9A8BC468}
	EndGlobalSection
EndGlobal
